// !$*UTF8*$!
{
	archiveVersion = 1;
	classes = {
	};
	objectVersion = 46;
	objects = {

/* Begin PBXBuildFile section */
		1AA096A31DCBF12000D841B7 /* AppDelegate.swift in Sources */ = {isa = PBXBuildFile; fileRef = 1AA096A21DCBF12000D841B7 /* AppDelegate.swift */; };
		1AA096A51DCBF12000D841B7 /* ViewController.swift in Sources */ = {isa = PBXBuildFile; fileRef = 1AA096A41DCBF12000D841B7 /* ViewController.swift */; };
		1AA096A81DCBF12000D841B7 /* Main.storyboard in Resources */ = {isa = PBXBuildFile; fileRef = 1AA096A61DCBF12000D841B7 /* Main.storyboard */; };
		1AA096AA1DCBF12000D841B7 /* Assets.xcassets in Resources */ = {isa = PBXBuildFile; fileRef = 1AA096A91DCBF12000D841B7 /* Assets.xcassets */; };
		1AA096AD1DCBF12000D841B7 /* LaunchScreen.storyboard in Resources */ = {isa = PBXBuildFile; fileRef = 1AA096AB1DCBF12000D841B7 /* LaunchScreen.storyboard */; };
		1AA096B81DCBF12100D841B7 /* ticktactoeTests.swift in Sources */ = {isa = PBXBuildFile; fileRef = 1AA096B71DCBF12100D841B7 /* ticktactoeTests.swift */; };
		1AA096C31DCBF12100D841B7 /* ticktactoeUITests.swift in Sources */ = {isa = PBXBuildFile; fileRef = 1AA096C21DCBF12100D841B7 /* ticktactoeUITests.swift */; };
/* End PBXBuildFile section */

/* Begin PBXContainerItemProxy section */
		1AA096B41DCBF12000D841B7 /* PBXContainerItemProxy */ = {
			isa = PBXContainerItemProxy;
			containerPortal = 1AA096971DCBF12000D841B7 /* Project object */;
			proxyType = 1;
			remoteGlobalIDString = 1AA0969E1DCBF12000D841B7;
			remoteInfo = ticktactoe;
		};
		1AA096BF1DCBF12100D841B7 /* PBXContainerItemProxy */ = {
			isa = PBXContainerItemProxy;
			containerPortal = 1AA096971DCBF12000D841B7 /* Project object */;
			proxyType = 1;
			remoteGlobalIDString = 1AA0969E1DCBF12000D841B7;
			remoteInfo = ticktactoe;
		};
/* End PBXContainerItemProxy section */

/* Begin PBXFileReference section */
		1AA0969F1DCBF12000D841B7 /* ticktactoe.app */ = {isa = PBXFileReference; explicitFileType = wrapper.application; includeInIndex = 0; path = ticktactoe.app; sourceTree = BUILT_PRODUCTS_DIR; };
		1AA096A21DCBF12000D841B7 /* AppDelegate.swift */ = {isa = PBXFileReference; lastKnownFileType = sourcecode.swift; path = AppDelegate.swift; sourceTree = "<group>"; };
		1AA096A41DCBF12000D841B7 /* ViewController.swift */ = {isa = PBXFileReference; lastKnownFileType = sourcecode.swift; path = ViewController.swift; sourceTree = "<group>"; };
		1AA096A71DCBF12000D841B7 /* Base */ = {isa = PBXFileReference; lastKnownFileType = file.storyboard; name = Base; path = Base.lproj/Main.storyboard; sourceTree = "<group>"; };
		1AA096A91DCBF12000D841B7 /* Assets.xcassets */ = {isa = PBXFileReference; lastKnownFileType = folder.assetcatalog; path = Assets.xcassets; sourceTree = "<group>"; };
		1AA096AC1DCBF12000D841B7 /* Base */ = {isa = PBXFileReference; lastKnownFileType = file.storyboard; name = Base; path = Base.lproj/LaunchScreen.storyboard; sourceTree = "<group>"; };
		1AA096AE1DCBF12000D841B7 /* Info.plist */ = {isa = PBXFileReference; lastKnownFileType = text.plist.xml; path = Info.plist; sourceTree = "<group>"; };
		1AA096B31DCBF12000D841B7 /* ticktactoeTests.xctest */ = {isa = PBXFileReference; explicitFileType = wrapper.cfbundle; includeInIndex = 0; path = ticktactoeTests.xctest; sourceTree = BUILT_PRODUCTS_DIR; };
		1AA096B71DCBF12100D841B7 /* ticktactoeTests.swift */ = {isa = PBXFileReference; lastKnownFileType = sourcecode.swift; path = ticktactoeTests.swift; sourceTree = "<group>"; };
		1AA096B91DCBF12100D841B7 /* Info.plist */ = {isa = PBXFileReference; lastKnownFileType = text.plist.xml; path = Info.plist; sourceTree = "<group>"; };
		1AA096BE1DCBF12100D841B7 /* ticktactoeUITests.xctest */ = {isa = PBXFileReference; explicitFileType = wrapper.cfbundle; includeInIndex = 0; path = ticktactoeUITests.xctest; sourceTree = BUILT_PRODUCTS_DIR; };
		1AA096C21DCBF12100D841B7 /* ticktactoeUITests.swift */ = {isa = PBXFileReference; lastKnownFileType = sourcecode.swift; path = ticktactoeUITests.swift; sourceTree = "<group>"; };
		1AA096C41DCBF12100D841B7 /* Info.plist */ = {isa = PBXFileReference; lastKnownFileType = text.plist.xml; path = Info.plist; sourceTree = "<group>"; };
/* End PBXFileReference section */

/* Begin PBXFrameworksBuildPhase section */
		1AA0969C1DCBF12000D841B7 /* Frameworks */ = {
			isa = PBXFrameworksBuildPhase;
			buildActionMask = 2147483647;
			files = (
			);
			runOnlyForDeploymentPostprocessing = 0;
		};
		1AA096B01DCBF12000D841B7 /* Frameworks */ = {
			isa = PBXFrameworksBuildPhase;
			buildActionMask = 2147483647;
			files = (
			);
			runOnlyForDeploymentPostprocessing = 0;
		};
		1AA096BB1DCBF12100D841B7 /* Frameworks */ = {
			isa = PBXFrameworksBuildPhase;
			buildActionMask = 2147483647;
			files = (
			);
			runOnlyForDeploymentPostprocessing = 0;
		};
/* End PBXFrameworksBuildPhase section */

/* Begin PBXGroup section */
		1AA096961DCBF12000D841B7 = {
			isa = PBXGroup;
			children = (
				1AA096A11DCBF12000D841B7 /* ticktactoe */,
				1AA096B61DCBF12000D841B7 /* ticktactoeTests */,
				1AA096C11DCBF12100D841B7 /* ticktactoeUITests */,
				1AA096A01DCBF12000D841B7 /* Products */,
			);
			sourceTree = "<group>";
		};
		1AA096A01DCBF12000D841B7 /* Products */ = {
			isa = PBXGroup;
			children = (
				1AA0969F1DCBF12000D841B7 /* ticktactoe.app */,
				1AA096B31DCBF12000D841B7 /* ticktactoeTests.xctest */,
				1AA096BE1DCBF12100D841B7 /* ticktactoeUITests.xctest */,
			);
			name = Products;
			sourceTree = "<group>";
		};
		1AA096A11DCBF12000D841B7 /* ticktactoe */ = {
			isa = PBXGroup;
			children = (
				1AA096A21DCBF12000D841B7 /* AppDelegate.swift */,
				1AA096A41DCBF12000D841B7 /* ViewController.swift */,
				1AA096A61DCBF12000D841B7 /* Main.storyboard */,
				1AA096A91DCBF12000D841B7 /* Assets.xcassets */,
				1AA096AB1DCBF12000D841B7 /* LaunchScreen.storyboard */,
				1AA096AE1DCBF12000D841B7 /* Info.plist */,
			);
			path = ticktactoe;
			sourceTree = "<group>";
		};
		1AA096B61DCBF12000D841B7 /* ticktactoeTests */ = {
			isa = PBXGroup;
			children = (
				1AA096B71DCBF12100D841B7 /* ticktactoeTests.swift */,
				1AA096B91DCBF12100D841B7 /* Info.plist */,
			);
			path = ticktactoeTests;
			sourceTree = "<group>";
		};
		1AA096C11DCBF12100D841B7 /* ticktactoeUITests */ = {
			isa = PBXGroup;
			children = (
				1AA096C21DCBF12100D841B7 /* ticktactoeUITests.swift */,
				1AA096C41DCBF12100D841B7 /* Info.plist */,
			);
			path = ticktactoeUITests;
			sourceTree = "<group>";
		};
/* End PBXGroup section */

/* Begin PBXNativeTarget section */
		1AA0969E1DCBF12000D841B7 /* ticktactoe */ = {
			isa = PBXNativeTarget;
			buildConfigurationList = 1AA096C71DCBF12100D841B7 /* Build configuration list for PBXNativeTarget "ticktactoe" */;
			buildPhases = (
				1AA0969B1DCBF12000D841B7 /* Sources */,
				1AA0969C1DCBF12000D841B7 /* Frameworks */,
				1AA0969D1DCBF12000D841B7 /* Resources */,
			);
			buildRules = (
			);
			dependencies = (
			);
			name = ticktactoe;
			productName = ticktactoe;
			productReference = 1AA0969F1DCBF12000D841B7 /* ticktactoe.app */;
			productType = "com.apple.product-type.application";
		};
		1AA096B21DCBF12000D841B7 /* ticktactoeTests */ = {
			isa = PBXNativeTarget;
			buildConfigurationList = 1AA096CA1DCBF12100D841B7 /* Build configuration list for PBXNativeTarget "ticktactoeTests" */;
			buildPhases = (
				1AA096AF1DCBF12000D841B7 /* Sources */,
				1AA096B01DCBF12000D841B7 /* Frameworks */,
				1AA096B11DCBF12000D841B7 /* Resources */,
			);
			buildRules = (
			);
			dependencies = (
				1AA096B51DCBF12000D841B7 /* PBXTargetDependency */,
			);
			name = ticktactoeTests;
			productName = ticktactoeTests;
			productReference = 1AA096B31DCBF12000D841B7 /* ticktactoeTests.xctest */;
			productType = "com.apple.product-type.bundle.unit-test";
		};
		1AA096BD1DCBF12100D841B7 /* ticktactoeUITests */ = {
			isa = PBXNativeTarget;
			buildConfigurationList = 1AA096CD1DCBF12100D841B7 /* Build configuration list for PBXNativeTarget "ticktactoeUITests" */;
			buildPhases = (
				1AA096BA1DCBF12100D841B7 /* Sources */,
				1AA096BB1DCBF12100D841B7 /* Frameworks */,
				1AA096BC1DCBF12100D841B7 /* Resources */,
			);
			buildRules = (
			);
			dependencies = (
				1AA096C01DCBF12100D841B7 /* PBXTargetDependency */,
			);
			name = ticktactoeUITests;
			productName = ticktactoeUITests;
			productReference = 1AA096BE1DCBF12100D841B7 /* ticktactoeUITests.xctest */;
			productType = "com.apple.product-type.bundle.ui-testing";
		};
/* End PBXNativeTarget section */

/* Begin PBXProject section */
		1AA096971DCBF12000D841B7 /* Project object */ = {
			isa = PBXProject;
			attributes = {
				LastSwiftUpdateCheck = 0810;
				LastUpgradeCheck = 0810;
				ORGANIZATIONNAME = "Erik Clineschmidt";
				TargetAttributes = {
					1AA0969E1DCBF12000D841B7 = {
						CreatedOnToolsVersion = 8.1;
						ProvisioningStyle = Automatic;
					};
					1AA096B21DCBF12000D841B7 = {
						CreatedOnToolsVersion = 8.1;
						ProvisioningStyle = Automatic;
						TestTargetID = 1AA0969E1DCBF12000D841B7;
					};
					1AA096BD1DCBF12100D841B7 = {
						CreatedOnToolsVersion = 8.1;
						ProvisioningStyle = Automatic;
						TestTargetID = 1AA0969E1DCBF12000D841B7;
					};
				};
			};
			buildConfigurationList = 1AA0969A1DCBF12000D841B7 /* Build configuration list for PBXProject "ticktactoe" */;
			compatibilityVersion = "Xcode 3.2";
			developmentRegion = English;
			hasScannedForEncodings = 0;
			knownRegions = (
				en,
				Base,
			);
			mainGroup = 1AA096961DCBF12000D841B7;
			productRefGroup = 1AA096A01DCBF12000D841B7 /* Products */;
			projectDirPath = "";
			projectRoot = "";
			targets = (
				1AA0969E1DCBF12000D841B7 /* ticktactoe */,
				1AA096B21DCBF12000D841B7 /* ticktactoeTests */,
				1AA096BD1DCBF12100D841B7 /* ticktactoeUITests */,
			);
		};
/* End PBXProject section */

/* Begin PBXResourcesBuildPhase section */
		1AA0969D1DCBF12000D841B7 /* Resources */ = {
			isa = PBXResourcesBuildPhase;
			buildActionMask = 2147483647;
			files = (
				1AA096AD1DCBF12000D841B7 /* LaunchScreen.storyboard in Resources */,
				1AA096AA1DCBF12000D841B7 /* Assets.xcassets in Resources */,
				1AA096A81DCBF12000D841B7 /* Main.storyboard in Resources */,
			);
			runOnlyForDeploymentPostprocessing = 0;
		};
		1AA096B11DCBF12000D841B7 /* Resources */ = {
			isa = PBXResourcesBuildPhase;
			buildActionMask = 2147483647;
			files = (
			);
			runOnlyForDeploymentPostprocessing = 0;
		};
		1AA096BC1DCBF12100D841B7 /* Resources */ = {
			isa = PBXResourcesBuildPhase;
			buildActionMask = 2147483647;
			files = (
			);
			runOnlyForDeploymentPostprocessing = 0;
		};
/* End PBXResourcesBuildPhase section */

/* Begin PBXSourcesBuildPhase section */
		1AA0969B1DCBF12000D841B7 /* Sources */ = {
			isa = PBXSourcesBuildPhase;
			buildActionMask = 2147483647;
			files = (
				1AA096A51DCBF12000D841B7 /* ViewController.swift in Sources */,
				1AA096A31DCBF12000D841B7 /* AppDelegate.swift in Sources */,
			);
			runOnlyForDeploymentPostprocessing = 0;
		};
		1AA096AF1DCBF12000D841B7 /* Sources */ = {
			isa = PBXSourcesBuildPhase;
			buildActionMask = 2147483647;
			files = (
				1AA096B81DCBF12100D841B7 /* ticktactoeTests.swift in Sources */,
			);
			runOnlyForDeploymentPostprocessing = 0;
		};
		1AA096BA1DCBF12100D841B7 /* Sources */ = {
			isa = PBXSourcesBuildPhase;
			buildActionMask = 2147483647;
			files = (
				1AA096C31DCBF12100D841B7 /* ticktactoeUITests.swift in Sources */,
			);
			runOnlyForDeploymentPostprocessing = 0;
		};
/* End PBXSourcesBuildPhase section */

/* Begin PBXTargetDependency section */
		1AA096B51DCBF12000D841B7 /* PBXTargetDependency */ = {
			isa = PBXTargetDependency;
			target = 1AA0969E1DCBF12000D841B7 /* ticktactoe */;
			targetProxy = 1AA096B41DCBF12000D841B7 /* PBXContainerItemProxy */;
		};
		1AA096C01DCBF12100D841B7 /* PBXTargetDependency */ = {
			isa = PBXTargetDependency;
			target = 1AA0969E1DCBF12000D841B7 /* ticktactoe */;
			targetProxy = 1AA096BF1DCBF12100D841B7 /* PBXContainerItemProxy */;
		};
/* End PBXTargetDependency section */

/* Begin PBXVariantGroup section */
		1AA096A61DCBF12000D841B7 /* Main.storyboard */ = {
			isa = PBXVariantGroup;
			children = (
				1AA096A71DCBF12000D841B7 /* Base */,
			);
			name = Main.storyboard;
			sourceTree = "<group>";
		};
		1AA096AB1DCBF12000D841B7 /* LaunchScreen.storyboard */ = {
			isa = PBXVariantGroup;
			children = (
				1AA096AC1DCBF12000D841B7 /* Base */,
			);
			name = LaunchScreen.storyboard;
			sourceTree = "<group>";
		};
/* End PBXVariantGroup section */

/* Begin XCBuildConfiguration section */
		1AA096C51DCBF12100D841B7 /* Debug */ = {
			isa = XCBuildConfiguration;
			buildSettings = {
				ALWAYS_SEARCH_USER_PATHS = NO;
				CLANG_ANALYZER_NONNULL = YES;
				CLANG_CXX_LANGUAGE_STANDARD = "gnu++0x";
				CLANG_CXX_LIBRARY = "libc++";
				CLANG_ENABLE_MODULES = YES;
				CLANG_ENABLE_OBJC_ARC = YES;
				CLANG_WARN_BOOL_CONVERSION = YES;
				CLANG_WARN_CONSTANT_CONVERSION = YES;
				CLANG_WARN_DIRECT_OBJC_ISA_USAGE = YES_ERROR;
				CLANG_WARN_DOCUMENTATION_COMMENTS = YES;
				CLANG_WARN_EMPTY_BODY = YES;
				CLANG_WARN_ENUM_CONVERSION = YES;
				CLANG_WARN_INFINITE_RECURSION = YES;
				CLANG_WARN_INT_CONVERSION = YES;
				CLANG_WARN_OBJC_ROOT_CLASS = YES_ERROR;
				CLANG_WARN_SUSPICIOUS_MOVES = YES;
				CLANG_WARN_UNREACHABLE_CODE = YES;
				CLANG_WARN__DUPLICATE_METHOD_MATCH = YES;
				"CODE_SIGN_IDENTITY[sdk=iphoneos*]" = "iPhone Developer";
				COPY_PHASE_STRIP = NO;
				DEBUG_INFORMATION_FORMAT = dwarf;
				ENABLE_STRICT_OBJC_MSGSEND = YES;
				ENABLE_TESTABILITY = YES;
				GCC_C_LANGUAGE_STANDARD = gnu99;
				GCC_DYNAMIC_NO_PIC = NO;
				GCC_NO_COMMON_BLOCKS = YES;
				GCC_OPTIMIZATION_LEVEL = 0;
				GCC_PREPROCESSOR_DEFINITIONS = (
					"DEBUG=1",
					"$(inherited)",
				);
				GCC_WARN_64_TO_32_BIT_CONVERSION = YES;
				GCC_WARN_ABOUT_RETURN_TYPE = YES_ERROR;
				GCC_WARN_UNDECLARED_SELECTOR = YES;
				GCC_WARN_UNINITIALIZED_AUTOS = YES_AGGRESSIVE;
				GCC_WARN_UNUSED_FUNCTION = YES;
				GCC_WARN_UNUSED_VARIABLE = YES;
				IPHONEOS_DEPLOYMENT_TARGET = 10.1;
				MTL_ENABLE_DEBUG_INFO = YES;
				ONLY_ACTIVE_ARCH = YES;
				SDKROOT = iphoneos;
				SWIFT_ACTIVE_COMPILATION_CONDITIONS = DEBUG;
				SWIFT_OPTIMIZATION_LEVEL = "-Onone";
				TARGETED_DEVICE_FAMILY = "1,2";
			};
			name = Debug;
		};
		1AA096C61DCBF12100D841B7 /* Release */ = {
			isa = XCBuildConfiguration;
			buildSettings = {
				ALWAYS_SEARCH_USER_PATHS = NO;
				CLANG_ANALYZER_NONNULL = YES;
				CLANG_CXX_LANGUAGE_STANDARD = "gnu++0x";
				CLANG_CXX_LIBRARY = "libc++";
				CLANG_ENABLE_MODULES = YES;
				CLANG_ENABLE_OBJC_ARC = YES;
				CLANG_WARN_BOOL_CONVERSION = YES;
				CLANG_WARN_CONSTANT_CONVERSION = YES;
				CLANG_WARN_DIRECT_OBJC_ISA_USAGE = YES_ERROR;
				CLANG_WARN_DOCUMENTATION_COMMENTS = YES;
				CLANG_WARN_EMPTY_BODY = YES;
				CLANG_WARN_ENUM_CONVERSION = YES;
				CLANG_WARN_INFINITE_RECURSION = YES;
				CLANG_WARN_INT_CONVERSION = YES;
				CLANG_WARN_OBJC_ROOT_CLASS = YES_ERROR;
				CLANG_WARN_SUSPICIOUS_MOVES = YES;
				CLANG_WARN_UNREACHABLE_CODE = YES;
				CLANG_WARN__DUPLICATE_METHOD_MATCH = YES;
				"CODE_SIGN_IDENTITY[sdk=iphoneos*]" = "iPhone Developer";
				COPY_PHASE_STRIP = NO;
				DEBUG_INFORMATION_FORMAT = "dwarf-with-dsym";
				ENABLE_NS_ASSERTIONS = NO;
				ENABLE_STRICT_OBJC_MSGSEND = YES;
				GCC_C_LANGUAGE_STANDARD = gnu99;
				GCC_NO_COMMON_BLOCKS = YES;
				GCC_WARN_64_TO_32_BIT_CONVERSION = YES;
				GCC_WARN_ABOUT_RETURN_TYPE = YES_ERROR;
				GCC_WARN_UNDECLARED_SELECTOR = YES;
				GCC_WARN_UNINITIALIZED_AUTOS = YES_AGGRESSIVE;
				GCC_WARN_UNUSED_FUNCTION = YES;
				GCC_WARN_UNUSED_VARIABLE = YES;
				IPHONEOS_DEPLOYMENT_TARGET = 10.1;
				MTL_ENABLE_DEBUG_INFO = NO;
				SDKROOT = iphoneos;
				SWIFT_OPTIMIZATION_LEVEL = "-Owholemodule";
				TARGETED_DEVICE_FAMILY = "1,2";
				VALIDATE_PRODUCT = YES;
			};
			name = Release;
		};
		1AA096C81DCBF12100D841B7 /* Debug */ = {
			isa = XCBuildConfiguration;
			buildSettings = {
				ASSETCATALOG_COMPILER_APPICON_NAME = AppIcon;
				INFOPLIST_FILE = ticktactoe/Info.plist;
				LD_RUNPATH_SEARCH_PATHS = "$(inherited) @executable_path/Frameworks";
				PRODUCT_BUNDLE_IDENTIFIER = com.codingdojo.ticktactoe;
				PRODUCT_NAME = "$(TARGET_NAME)";
				SWIFT_VERSION = 3.0;
			};
			name = Debug;
		};
		1AA096C91DCBF12100D841B7 /* Release */ = {
			isa = XCBuildConfiguration;
			buildSettings = {
				ASSETCATALOG_COMPILER_APPICON_NAME = AppIcon;
				INFOPLIST_FILE = ticktactoe/Info.plist;
				LD_RUNPATH_SEARCH_PATHS = "$(inherited) @executable_path/Frameworks";
				PRODUCT_BUNDLE_IDENTIFIER = com.codingdojo.ticktactoe;
				PRODUCT_NAME = "$(TARGET_NAME)";
				SWIFT_VERSION = 3.0;
			};
			name = Release;
		};
		1AA096CB1DCBF12100D841B7 /* Debug */ = {
			isa = XCBuildConfiguration;
			buildSettings = {
				ALWAYS_EMBED_SWIFT_STANDARD_LIBRARIES = YES;
				BUNDLE_LOADER = "$(TEST_HOST)";
				INFOPLIST_FILE = ticktactoeTests/Info.plist;
				LD_RUNPATH_SEARCH_PATHS = "$(inherited) @executable_path/Frameworks @loader_path/Frameworks";
				PRODUCT_BUNDLE_IDENTIFIER = com.codingdojo.ticktactoeTests;
				PRODUCT_NAME = "$(TARGET_NAME)";
				SWIFT_VERSION = 3.0;
				TEST_HOST = "$(BUILT_PRODUCTS_DIR)/ticktactoe.app/ticktactoe";
			};
			name = Debug;
		};
		1AA096CC1DCBF12100D841B7 /* Release */ = {
			isa = XCBuildConfiguration;
			buildSettings = {
				ALWAYS_EMBED_SWIFT_STANDARD_LIBRARIES = YES;
				BUNDLE_LOADER = "$(TEST_HOST)";
				INFOPLIST_FILE = ticktactoeTests/Info.plist;
				LD_RUNPATH_SEARCH_PATHS = "$(inherited) @executable_path/Frameworks @loader_path/Frameworks";
				PRODUCT_BUNDLE_IDENTIFIER = com.codingdojo.ticktactoeTests;
				PRODUCT_NAME = "$(TARGET_NAME)";
				SWIFT_VERSION = 3.0;
				TEST_HOST = "$(BUILT_PRODUCTS_DIR)/ticktactoe.app/ticktactoe";
			};
			name = Release;
		};
		1AA096CE1DCBF12100D841B7 /* Debug */ = {
			isa = XCBuildConfiguration;
			buildSettings = {
				ALWAYS_EMBED_SWIFT_STANDARD_LIBRARIES = YES;
				INFOPLIST_FILE = ticktactoeUITests/Info.plist;
				LD_RUNPATH_SEARCH_PATHS = "$(inherited) @executable_path/Frameworks @loader_path/Frameworks";
				PRODUCT_BUNDLE_IDENTIFIER = com.codingdojo.ticktactoeUITests;
				PRODUCT_NAME = "$(TARGET_NAME)";
				SWIFT_VERSION = 3.0;
				TEST_TARGET_NAME = ticktactoe;
			};
			name = Debug;
		};
		1AA096CF1DCBF12100D841B7 /* Release */ = {
			isa = XCBuildConfiguration;
			buildSettings = {
				ALWAYS_EMBED_SWIFT_STANDARD_LIBRARIES = YES;
				INFOPLIST_FILE = ticktactoeUITests/Info.plist;
				LD_RUNPATH_SEARCH_PATHS = "$(inherited) @executable_path/Frameworks @loader_path/Frameworks";
				PRODUCT_BUNDLE_IDENTIFIER = com.codingdojo.ticktactoeUITests;
				PRODUCT_NAME = "$(TARGET_NAME)";
				SWIFT_VERSION = 3.0;
				TEST_TARGET_NAME = ticktactoe;
			};
			name = Release;
		};
/* End XCBuildConfiguration section */

/* Begin XCConfigurationList section */
		1AA0969A1DCBF12000D841B7 /* Build configuration list for PBXProject "ticktactoe" */ = {
			isa = XCConfigurationList;
			buildConfigurations = (
				1AA096C51DCBF12100D841B7 /* Debug */,
				1AA096C61DCBF12100D841B7 /* Release */,
			);
			defaultConfigurationIsVisible = 0;
			defaultConfigurationName = Release;
		};
		1AA096C71DCBF12100D841B7 /* Build configuration list for PBXNativeTarget "ticktactoe" */ = {
			isa = XCConfigurationList;
			buildConfigurations = (
				1AA096C81DCBF12100D841B7 /* Debug */,
				1AA096C91DCBF12100D841B7 /* Release */,
			);
			defaultConfigurationIsVisible = 0;
		};
		1AA096CA1DCBF12100D841B7 /* Build configuration list for PBXNativeTarget "ticktactoeTests" */ = {
			isa = XCConfigurationList;
			buildConfigurations = (
				1AA096CB1DCBF12100D841B7 /* Debug */,
				1AA096CC1DCBF12100D841B7 /* Release */,
			);
			defaultConfigurationIsVisible = 0;
		};
		1AA096CD1DCBF12100D841B7 /* Build configuration list for PBXNativeTarget "ticktactoeUITests" */ = {
			isa = XCConfigurationList;
			buildConfigurations = (
				1AA096CE1DCBF12100D841B7 /* Debug */,
				1AA096CF1DCBF12100D841B7 /* Release */,
			);
			defaultConfigurationIsVisible = 0;
		};
/* End XCConfigurationList section */
	};
	rootObject = 1AA096971DCBF12000D841B7 /* Project object */;
}
